// !$*UTF8*$!
{
	archiveVersion = 1;
	classes = {
	};
	objectVersion = 46;
	objects = {

/* Begin PBXBuildFile section */
		03339A4ACD44CC9A0CFE13DE /* libPods-urban-waddleUITests.a in Frameworks */ = {isa = PBXBuildFile; fileRef = 1EF12F573EACFD25A2A76A94 /* libPods-urban-waddleUITests.a */; };
		D06E3D571D8FE10C00C1A715 /* main.m in Sources */ = {isa = PBXBuildFile; fileRef = D06E3D561D8FE10C00C1A715 /* main.m */; };
		D06E3D5A1D8FE10C00C1A715 /* AppDelegate.m in Sources */ = {isa = PBXBuildFile; fileRef = D06E3D591D8FE10C00C1A715 /* AppDelegate.m */; };
		D06E3D5D1D8FE10C00C1A715 /* ViewController.m in Sources */ = {isa = PBXBuildFile; fileRef = D06E3D5C1D8FE10C00C1A715 /* ViewController.m */; };
		D06E3D601D8FE10C00C1A715 /* Main.storyboard in Resources */ = {isa = PBXBuildFile; fileRef = D06E3D5E1D8FE10C00C1A715 /* Main.storyboard */; };
		D06E3D621D8FE10C00C1A715 /* Assets.xcassets in Resources */ = {isa = PBXBuildFile; fileRef = D06E3D611D8FE10C00C1A715 /* Assets.xcassets */; };
		D06E3D651D8FE10C00C1A715 /* LaunchScreen.storyboard in Resources */ = {isa = PBXBuildFile; fileRef = D06E3D631D8FE10C00C1A715 /* LaunchScreen.storyboard */; };
		D06E3D701D8FE10C00C1A715 /* urban_waddleTests.m in Sources */ = {isa = PBXBuildFile; fileRef = D06E3D6F1D8FE10C00C1A715 /* urban_waddleTests.m */; };
		D06E3D7B1D8FE10C00C1A715 /* urban_waddleUITests.m in Sources */ = {isa = PBXBuildFile; fileRef = D06E3D7A1D8FE10C00C1A715 /* urban_waddleUITests.m */; };
		D072AFEE1D92668E000ABCEB /* SettingViewController.m in Sources */ = {isa = PBXBuildFile; fileRef = D072AFED1D92668E000ABCEB /* SettingViewController.m */; };
		D072AFF21D927250000ABCEB /* TestViewController.m in Sources */ = {isa = PBXBuildFile; fileRef = D072AFF11D927250000ABCEB /* TestViewController.m */; };
		DEDC0CA66EE2321FDF46ACC9 /* libPods-urban-waddle.a in Frameworks */ = {isa = PBXBuildFile; fileRef = C83A6DCF210602DD9654F4C0 /* libPods-urban-waddle.a */; };
		E82DD040B9BE291111196F17 /* libPods-urban-waddleTests.a in Frameworks */ = {isa = PBXBuildFile; fileRef = 9C3A1B47533F3CEED9357B4B /* libPods-urban-waddleTests.a */; };
/* End PBXBuildFile section */

/* Begin PBXContainerItemProxy section */
		D06E3D6C1D8FE10C00C1A715 /* PBXContainerItemProxy */ = {
			isa = PBXContainerItemProxy;
			containerPortal = D06E3D4A1D8FE10C00C1A715 /* Project object */;
			proxyType = 1;
			remoteGlobalIDString = D06E3D511D8FE10C00C1A715;
			remoteInfo = "urban-waddle";
		};
		D06E3D771D8FE10C00C1A715 /* PBXContainerItemProxy */ = {
			isa = PBXContainerItemProxy;
			containerPortal = D06E3D4A1D8FE10C00C1A715 /* Project object */;
			proxyType = 1;
			remoteGlobalIDString = D06E3D511D8FE10C00C1A715;
			remoteInfo = "urban-waddle";
		};
/* End PBXContainerItemProxy section */

/* Begin PBXFileReference section */
		1DA2CCBDC24F3DE0E5DE79F1 /* Pods-urban-waddleUITests.debug.xcconfig */ = {isa = PBXFileReference; includeInIndex = 1; lastKnownFileType = text.xcconfig; name = "Pods-urban-waddleUITests.debug.xcconfig"; path = "Pods/Target Support Files/Pods-urban-waddleUITests/Pods-urban-waddleUITests.debug.xcconfig"; sourceTree = "<group>"; };
		1EDB58D62ECFF67B1DBF8691 /* Pods-urban-waddleTests.debug.xcconfig */ = {isa = PBXFileReference; includeInIndex = 1; lastKnownFileType = text.xcconfig; name = "Pods-urban-waddleTests.debug.xcconfig"; path = "Pods/Target Support Files/Pods-urban-waddleTests/Pods-urban-waddleTests.debug.xcconfig"; sourceTree = "<group>"; };
		1EF12F573EACFD25A2A76A94 /* libPods-urban-waddleUITests.a */ = {isa = PBXFileReference; explicitFileType = archive.ar; includeInIndex = 0; path = "libPods-urban-waddleUITests.a"; sourceTree = BUILT_PRODUCTS_DIR; };
		23E2DD323A21DF5ED74A1886 /* Pods-urban-waddleTests.release.xcconfig */ = {isa = PBXFileReference; includeInIndex = 1; lastKnownFileType = text.xcconfig; name = "Pods-urban-waddleTests.release.xcconfig"; path = "Pods/Target Support Files/Pods-urban-waddleTests/Pods-urban-waddleTests.release.xcconfig"; sourceTree = "<group>"; };
		9C3A1B47533F3CEED9357B4B /* libPods-urban-waddleTests.a */ = {isa = PBXFileReference; explicitFileType = archive.ar; includeInIndex = 0; path = "libPods-urban-waddleTests.a"; sourceTree = BUILT_PRODUCTS_DIR; };
		A49E8F81A132BD8F9D9EA410 /* Pods-urban-waddleUITests.release.xcconfig */ = {isa = PBXFileReference; includeInIndex = 1; lastKnownFileType = text.xcconfig; name = "Pods-urban-waddleUITests.release.xcconfig"; path = "Pods/Target Support Files/Pods-urban-waddleUITests/Pods-urban-waddleUITests.release.xcconfig"; sourceTree = "<group>"; };
		AAF2B0817736DAF877825B01 /* Pods-urban-waddle.release.xcconfig */ = {isa = PBXFileReference; includeInIndex = 1; lastKnownFileType = text.xcconfig; name = "Pods-urban-waddle.release.xcconfig"; path = "Pods/Target Support Files/Pods-urban-waddle/Pods-urban-waddle.release.xcconfig"; sourceTree = "<group>"; };
		B2487EF2A6334E2997219957 /* Pods-urban-waddle.debug.xcconfig */ = {isa = PBXFileReference; includeInIndex = 1; lastKnownFileType = text.xcconfig; name = "Pods-urban-waddle.debug.xcconfig"; path = "Pods/Target Support Files/Pods-urban-waddle/Pods-urban-waddle.debug.xcconfig"; sourceTree = "<group>"; };
		C83A6DCF210602DD9654F4C0 /* libPods-urban-waddle.a */ = {isa = PBXFileReference; explicitFileType = archive.ar; includeInIndex = 0; path = "libPods-urban-waddle.a"; sourceTree = BUILT_PRODUCTS_DIR; };
		D06E3D521D8FE10C00C1A715 /* urban-waddle.app */ = {isa = PBXFileReference; explicitFileType = wrapper.application; includeInIndex = 0; path = "urban-waddle.app"; sourceTree = BUILT_PRODUCTS_DIR; };
		D06E3D561D8FE10C00C1A715 /* main.m */ = {isa = PBXFileReference; lastKnownFileType = sourcecode.c.objc; path = main.m; sourceTree = "<group>"; };
		D06E3D581D8FE10C00C1A715 /* AppDelegate.h */ = {isa = PBXFileReference; lastKnownFileType = sourcecode.c.h; path = AppDelegate.h; sourceTree = "<group>"; };
		D06E3D591D8FE10C00C1A715 /* AppDelegate.m */ = {isa = PBXFileReference; lastKnownFileType = sourcecode.c.objc; path = AppDelegate.m; sourceTree = "<group>"; };
		D06E3D5B1D8FE10C00C1A715 /* ViewController.h */ = {isa = PBXFileReference; lastKnownFileType = sourcecode.c.h; path = ViewController.h; sourceTree = "<group>"; };
		D06E3D5C1D8FE10C00C1A715 /* ViewController.m */ = {isa = PBXFileReference; lastKnownFileType = sourcecode.c.objc; path = ViewController.m; sourceTree = "<group>"; };
		D06E3D5F1D8FE10C00C1A715 /* Base */ = {isa = PBXFileReference; lastKnownFileType = file.storyboard; name = Base; path = Base.lproj/Main.storyboard; sourceTree = "<group>"; };
		D06E3D611D8FE10C00C1A715 /* Assets.xcassets */ = {isa = PBXFileReference; lastKnownFileType = folder.assetcatalog; path = Assets.xcassets; sourceTree = "<group>"; };
		D06E3D641D8FE10C00C1A715 /* Base */ = {isa = PBXFileReference; lastKnownFileType = file.storyboard; name = Base; path = Base.lproj/LaunchScreen.storyboard; sourceTree = "<group>"; };
		D06E3D661D8FE10C00C1A715 /* Info.plist */ = {isa = PBXFileReference; lastKnownFileType = text.plist.xml; path = Info.plist; sourceTree = "<group>"; };
		D06E3D6B1D8FE10C00C1A715 /* urban-waddleTests.xctest */ = {isa = PBXFileReference; explicitFileType = wrapper.cfbundle; includeInIndex = 0; path = "urban-waddleTests.xctest"; sourceTree = BUILT_PRODUCTS_DIR; };
		D06E3D6F1D8FE10C00C1A715 /* urban_waddleTests.m */ = {isa = PBXFileReference; lastKnownFileType = sourcecode.c.objc; path = urban_waddleTests.m; sourceTree = "<group>"; };
		D06E3D711D8FE10C00C1A715 /* Info.plist */ = {isa = PBXFileReference; lastKnownFileType = text.plist.xml; path = Info.plist; sourceTree = "<group>"; };
		D06E3D761D8FE10C00C1A715 /* urban-waddleUITests.xctest */ = {isa = PBXFileReference; explicitFileType = wrapper.cfbundle; includeInIndex = 0; path = "urban-waddleUITests.xctest"; sourceTree = BUILT_PRODUCTS_DIR; };
		D06E3D7A1D8FE10C00C1A715 /* urban_waddleUITests.m */ = {isa = PBXFileReference; lastKnownFileType = sourcecode.c.objc; path = urban_waddleUITests.m; sourceTree = "<group>"; };
		D06E3D7C1D8FE10C00C1A715 /* Info.plist */ = {isa = PBXFileReference; lastKnownFileType = text.plist.xml; path = Info.plist; sourceTree = "<group>"; };
		D072AFEC1D92668E000ABCEB /* SettingViewController.h */ = {isa = PBXFileReference; fileEncoding = 4; lastKnownFileType = sourcecode.c.h; path = SettingViewController.h; sourceTree = "<group>"; };
		D072AFED1D92668E000ABCEB /* SettingViewController.m */ = {isa = PBXFileReference; fileEncoding = 4; lastKnownFileType = sourcecode.c.objc; path = SettingViewController.m; sourceTree = "<group>"; };
		D072AFF01D927250000ABCEB /* TestViewController.h */ = {isa = PBXFileReference; fileEncoding = 4; lastKnownFileType = sourcecode.c.h; path = TestViewController.h; sourceTree = "<group>"; };
		D072AFF11D927250000ABCEB /* TestViewController.m */ = {isa = PBXFileReference; fileEncoding = 4; lastKnownFileType = sourcecode.c.objc; path = TestViewController.m; sourceTree = "<group>"; };
/* End PBXFileReference section */

/* Begin PBXFrameworksBuildPhase section */
		D06E3D4F1D8FE10C00C1A715 /* Frameworks */ = {
			isa = PBXFrameworksBuildPhase;
			buildActionMask = 2147483647;
			files = (
				DEDC0CA66EE2321FDF46ACC9 /* libPods-urban-waddle.a in Frameworks */,
			);
			runOnlyForDeploymentPostprocessing = 0;
		};
		D06E3D681D8FE10C00C1A715 /* Frameworks */ = {
			isa = PBXFrameworksBuildPhase;
			buildActionMask = 2147483647;
			files = (
				E82DD040B9BE291111196F17 /* libPods-urban-waddleTests.a in Frameworks */,
			);
			runOnlyForDeploymentPostprocessing = 0;
		};
		D06E3D731D8FE10C00C1A715 /* Frameworks */ = {
			isa = PBXFrameworksBuildPhase;
			buildActionMask = 2147483647;
			files = (
				03339A4ACD44CC9A0CFE13DE /* libPods-urban-waddleUITests.a in Frameworks */,
			);
			runOnlyForDeploymentPostprocessing = 0;
		};
/* End PBXFrameworksBuildPhase section */

/* Begin PBXGroup section */
		AB825A8F26FA8CD55DA0DA37 /* Pods */ = {
			isa = PBXGroup;
			children = (
				B2487EF2A6334E2997219957 /* Pods-urban-waddle.debug.xcconfig */,
				AAF2B0817736DAF877825B01 /* Pods-urban-waddle.release.xcconfig */,
				1EDB58D62ECFF67B1DBF8691 /* Pods-urban-waddleTests.debug.xcconfig */,
				23E2DD323A21DF5ED74A1886 /* Pods-urban-waddleTests.release.xcconfig */,
				1DA2CCBDC24F3DE0E5DE79F1 /* Pods-urban-waddleUITests.debug.xcconfig */,
				A49E8F81A132BD8F9D9EA410 /* Pods-urban-waddleUITests.release.xcconfig */,
			);
			name = Pods;
			sourceTree = "<group>";
		};
		BEB6E1602E54CF6E4DE739FE /* Frameworks */ = {
			isa = PBXGroup;
			children = (
				C83A6DCF210602DD9654F4C0 /* libPods-urban-waddle.a */,
				9C3A1B47533F3CEED9357B4B /* libPods-urban-waddleTests.a */,
				1EF12F573EACFD25A2A76A94 /* libPods-urban-waddleUITests.a */,
			);
			name = Frameworks;
			sourceTree = "<group>";
		};
		D06E3D491D8FE10C00C1A715 = {
			isa = PBXGroup;
			children = (
				D06E3D541D8FE10C00C1A715 /* urban-waddle */,
				D06E3D6E1D8FE10C00C1A715 /* urban-waddleTests */,
				D06E3D791D8FE10C00C1A715 /* urban-waddleUITests */,
				D06E3D531D8FE10C00C1A715 /* Products */,
				AB825A8F26FA8CD55DA0DA37 /* Pods */,
				BEB6E1602E54CF6E4DE739FE /* Frameworks */,
			);
			sourceTree = "<group>";
		};
		D06E3D531D8FE10C00C1A715 /* Products */ = {
			isa = PBXGroup;
			children = (
				D06E3D521D8FE10C00C1A715 /* urban-waddle.app */,
				D06E3D6B1D8FE10C00C1A715 /* urban-waddleTests.xctest */,
				D06E3D761D8FE10C00C1A715 /* urban-waddleUITests.xctest */,
			);
			name = Products;
			sourceTree = "<group>";
		};
		D06E3D541D8FE10C00C1A715 /* urban-waddle */ = {
			isa = PBXGroup;
			children = (
				D072AFEF1D926698000ABCEB /* Controller */,
				D06E3D581D8FE10C00C1A715 /* AppDelegate.h */,
				D06E3D591D8FE10C00C1A715 /* AppDelegate.m */,
				D06E3D5E1D8FE10C00C1A715 /* Main.storyboard */,
				D06E3D611D8FE10C00C1A715 /* Assets.xcassets */,
				D06E3D631D8FE10C00C1A715 /* LaunchScreen.storyboard */,
				D06E3D661D8FE10C00C1A715 /* Info.plist */,
				D06E3D551D8FE10C00C1A715 /* Supporting Files */,
			);
			path = "urban-waddle";
			sourceTree = "<group>";
		};
		D06E3D551D8FE10C00C1A715 /* Supporting Files */ = {
			isa = PBXGroup;
			children = (
				D06E3D561D8FE10C00C1A715 /* main.m */,
			);
			name = "Supporting Files";
			sourceTree = "<group>";
		};
		D06E3D6E1D8FE10C00C1A715 /* urban-waddleTests */ = {
			isa = PBXGroup;
			children = (
				D06E3D6F1D8FE10C00C1A715 /* urban_waddleTests.m */,
				D06E3D711D8FE10C00C1A715 /* Info.plist */,
			);
			path = "urban-waddleTests";
			sourceTree = "<group>";
		};
		D06E3D791D8FE10C00C1A715 /* urban-waddleUITests */ = {
			isa = PBXGroup;
			children = (
				D06E3D7A1D8FE10C00C1A715 /* urban_waddleUITests.m */,
				D06E3D7C1D8FE10C00C1A715 /* Info.plist */,
			);
			path = "urban-waddleUITests";
			sourceTree = "<group>";
		};
		D072AFEF1D926698000ABCEB /* Controller */ = {
			isa = PBXGroup;
			children = (
				D06E3D5B1D8FE10C00C1A715 /* ViewController.h */,
				D06E3D5C1D8FE10C00C1A715 /* ViewController.m */,
				D072AFEC1D92668E000ABCEB /* SettingViewController.h */,
				D072AFED1D92668E000ABCEB /* SettingViewController.m */,
				D072AFF01D927250000ABCEB /* TestViewController.h */,
				D072AFF11D927250000ABCEB /* TestViewController.m */,
			);
			name = Controller;
			sourceTree = "<group>";
		};
/* End PBXGroup section */

/* Begin PBXNativeTarget section */
		D06E3D511D8FE10C00C1A715 /* urban-waddle */ = {
			isa = PBXNativeTarget;
			buildConfigurationList = D06E3D7F1D8FE10C00C1A715 /* Build configuration list for PBXNativeTarget "urban-waddle" */;
			buildPhases = (
				378E5098BC8BEE8A6CC9FE2C /* [CP] Check Pods Manifest.lock */,
				D06E3D4E1D8FE10C00C1A715 /* Sources */,
				D06E3D4F1D8FE10C00C1A715 /* Frameworks */,
				D06E3D501D8FE10C00C1A715 /* Resources */,
				FED578E49C9929AD1CFC65BB /* [CP] Embed Pods Frameworks */,
				CE5ED64F36A73A3998B52665 /* [CP] Copy Pods Resources */,
			);
			buildRules = (
			);
			dependencies = (
			);
			name = "urban-waddle";
			productName = "urban-waddle";
			productReference = D06E3D521D8FE10C00C1A715 /* urban-waddle.app */;
			productType = "com.apple.product-type.application";
		};
		D06E3D6A1D8FE10C00C1A715 /* urban-waddleTests */ = {
			isa = PBXNativeTarget;
			buildConfigurationList = D06E3D821D8FE10C00C1A715 /* Build configuration list for PBXNativeTarget "urban-waddleTests" */;
			buildPhases = (
				FE5E1A89438C930AAD1DC4C9 /* [CP] Check Pods Manifest.lock */,
				D06E3D671D8FE10C00C1A715 /* Sources */,
				D06E3D681D8FE10C00C1A715 /* Frameworks */,
				D06E3D691D8FE10C00C1A715 /* Resources */,
				71062E587C67EA537235C312 /* [CP] Embed Pods Frameworks */,
				E8BC819FF71535FEF7487266 /* [CP] Copy Pods Resources */,
			);
			buildRules = (
			);
			dependencies = (
				D06E3D6D1D8FE10C00C1A715 /* PBXTargetDependency */,
			);
			name = "urban-waddleTests";
			productName = "urban-waddleTests";
			productReference = D06E3D6B1D8FE10C00C1A715 /* urban-waddleTests.xctest */;
			productType = "com.apple.product-type.bundle.unit-test";
		};
		D06E3D751D8FE10C00C1A715 /* urban-waddleUITests */ = {
			isa = PBXNativeTarget;
			buildConfigurationList = D06E3D851D8FE10C00C1A715 /* Build configuration list for PBXNativeTarget "urban-waddleUITests" */;
			buildPhases = (
				B56FFAFD2007C0D9567AB7FE /* [CP] Check Pods Manifest.lock */,
				D06E3D721D8FE10C00C1A715 /* Sources */,
				D06E3D731D8FE10C00C1A715 /* Frameworks */,
				D06E3D741D8FE10C00C1A715 /* Resources */,
				5E6DBC58F69AF7AF0E537DD9 /* [CP] Copy Pods Resources */,
			);
			buildRules = (
			);
			dependencies = (
				D06E3D781D8FE10C00C1A715 /* PBXTargetDependency */,
			);
			name = "urban-waddleUITests";
			productName = "urban-waddleUITests";
			productReference = D06E3D761D8FE10C00C1A715 /* urban-waddleUITests.xctest */;
			productType = "com.apple.product-type.bundle.ui-testing";
		};
/* End PBXNativeTarget section */

/* Begin PBXProject section */
		D06E3D4A1D8FE10C00C1A715 /* Project object */ = {
			isa = PBXProject;
			attributes = {
				LastUpgradeCheck = 0800;
				ORGANIZATIONNAME = urbanwaddle;
				TargetAttributes = {
					D06E3D511D8FE10C00C1A715 = {
						CreatedOnToolsVersion = 8.0;
						ProvisioningStyle = Automatic;
					};
					D06E3D6A1D8FE10C00C1A715 = {
						CreatedOnToolsVersion = 8.0;
						ProvisioningStyle = Automatic;
						TestTargetID = D06E3D511D8FE10C00C1A715;
					};
					D06E3D751D8FE10C00C1A715 = {
						CreatedOnToolsVersion = 8.0;
						ProvisioningStyle = Automatic;
						TestTargetID = D06E3D511D8FE10C00C1A715;
					};
				};
			};
			buildConfigurationList = D06E3D4D1D8FE10C00C1A715 /* Build configuration list for PBXProject "urban-waddle" */;
			compatibilityVersion = "Xcode 3.2";
			developmentRegion = English;
			hasScannedForEncodings = 0;
			knownRegions = (
				en,
				Base,
			);
			mainGroup = D06E3D491D8FE10C00C1A715;
			productRefGroup = D06E3D531D8FE10C00C1A715 /* Products */;
			projectDirPath = "";
			projectRoot = "";
			targets = (
				D06E3D511D8FE10C00C1A715 /* urban-waddle */,
				D06E3D6A1D8FE10C00C1A715 /* urban-waddleTests */,
				D06E3D751D8FE10C00C1A715 /* urban-waddleUITests */,
			);
		};
/* End PBXProject section */

/* Begin PBXResourcesBuildPhase section */
		D06E3D501D8FE10C00C1A715 /* Resources */ = {
			isa = PBXResourcesBuildPhase;
			buildActionMask = 2147483647;
			files = (
				D06E3D651D8FE10C00C1A715 /* LaunchScreen.storyboard in Resources */,
				D06E3D621D8FE10C00C1A715 /* Assets.xcassets in Resources */,
				D06E3D601D8FE10C00C1A715 /* Main.storyboard in Resources */,
			);
			runOnlyForDeploymentPostprocessing = 0;
		};
		D06E3D691D8FE10C00C1A715 /* Resources */ = {
			isa = PBXResourcesBuildPhase;
			buildActionMask = 2147483647;
			files = (
			);
			runOnlyForDeploymentPostprocessing = 0;
		};
		D06E3D741D8FE10C00C1A715 /* Resources */ = {
			isa = PBXResourcesBuildPhase;
			buildActionMask = 2147483647;
			files = (
			);
			runOnlyForDeploymentPostprocessing = 0;
		};
/* End PBXResourcesBuildPhase section */

/* Begin PBXShellScriptBuildPhase section */
		378E5098BC8BEE8A6CC9FE2C /* [CP] Check Pods Manifest.lock */ = {
			isa = PBXShellScriptBuildPhase;
			buildActionMask = 2147483647;
			files = (
			);
			inputPaths = (
			);
			name = "[CP] Check Pods Manifest.lock";
			outputPaths = (
			);
			runOnlyForDeploymentPostprocessing = 0;
			shellPath = /bin/sh;
			shellScript = "diff \"${PODS_ROOT}/../Podfile.lock\" \"${PODS_ROOT}/Manifest.lock\" > /dev/null\nif [[ $? != 0 ]] ; then\n    cat << EOM\nerror: The sandbox is not in sync with the Podfile.lock. Run 'pod install' or update your CocoaPods installation.\nEOM\n    exit 1\nfi\n";
			showEnvVarsInLog = 0;
		};
		5E6DBC58F69AF7AF0E537DD9 /* [CP] Copy Pods Resources */ = {
			isa = PBXShellScriptBuildPhase;
			buildActionMask = 2147483647;
			files = (
			);
			inputPaths = (
			);
			name = "[CP] Copy Pods Resources";
			outputPaths = (
			);
			runOnlyForDeploymentPostprocessing = 0;
			shellPath = /bin/sh;
			shellScript = "\"${SRCROOT}/Pods/Target Support Files/Pods-urban-waddleUITests/Pods-urban-waddleUITests-resources.sh\"\n";
			showEnvVarsInLog = 0;
		};
		71062E587C67EA537235C312 /* [CP] Embed Pods Frameworks */ = {
			isa = PBXShellScriptBuildPhase;
			buildActionMask = 2147483647;
			files = (
			);
			inputPaths = (
			);
			name = "[CP] Embed Pods Frameworks";
			outputPaths = (
			);
			runOnlyForDeploymentPostprocessing = 0;
			shellPath = /bin/sh;
			shellScript = "\"${SRCROOT}/Pods/Target Support Files/Pods-urban-waddleTests/Pods-urban-waddleTests-frameworks.sh\"\n";
			showEnvVarsInLog = 0;
		};
		B56FFAFD2007C0D9567AB7FE /* [CP] Check Pods Manifest.lock */ = {
			isa = PBXShellScriptBuildPhase;
			buildActionMask = 2147483647;
			files = (
			);
			inputPaths = (
			);
			name = "[CP] Check Pods Manifest.lock";
			outputPaths = (
			);
			runOnlyForDeploymentPostprocessing = 0;
			shellPath = /bin/sh;
			shellScript = "diff \"${PODS_ROOT}/../Podfile.lock\" \"${PODS_ROOT}/Manifest.lock\" > /dev/null\nif [[ $? != 0 ]] ; then\n    cat << EOM\nerror: The sandbox is not in sync with the Podfile.lock. Run 'pod install' or update your CocoaPods installation.\nEOM\n    exit 1\nfi\n";
			showEnvVarsInLog = 0;
		};
		CE5ED64F36A73A3998B52665 /* [CP] Copy Pods Resources */ = {
			isa = PBXShellScriptBuildPhase;
			buildActionMask = 2147483647;
			files = (
			);
			inputPaths = (
			);
			name = "[CP] Copy Pods Resources";
			outputPaths = (
			);
			runOnlyForDeploymentPostprocessing = 0;
			shellPath = /bin/sh;
			shellScript = "\"${SRCROOT}/Pods/Target Support Files/Pods-urban-waddle/Pods-urban-waddle-resources.sh\"\n";
			showEnvVarsInLog = 0;
		};
		E8BC819FF71535FEF7487266 /* [CP] Copy Pods Resources */ = {
			isa = PBXShellScriptBuildPhase;
			buildActionMask = 2147483647;
			files = (
			);
			inputPaths = (
			);
			name = "[CP] Copy Pods Resources";
			outputPaths = (
			);
			runOnlyForDeploymentPostprocessing = 0;
			shellPath = /bin/sh;
			shellScript = "\"${SRCROOT}/Pods/Target Support Files/Pods-urban-waddleTests/Pods-urban-waddleTests-resources.sh\"\n";
			showEnvVarsInLog = 0;
		};
		FE5E1A89438C930AAD1DC4C9 /* [CP] Check Pods Manifest.lock */ = {
			isa = PBXShellScriptBuildPhase;
			buildActionMask = 2147483647;
			files = (
			);
			inputPaths = (
			);
			name = "[CP] Check Pods Manifest.lock";
			outputPaths = (
			);
			runOnlyForDeploymentPostprocessing = 0;
			shellPath = /bin/sh;
			shellScript = "diff \"${PODS_ROOT}/../Podfile.lock\" \"${PODS_ROOT}/Manifest.lock\" > /dev/null\nif [[ $? != 0 ]] ; then\n    cat << EOM\nerror: The sandbox is not in sync with the Podfile.lock. Run 'pod install' or update your CocoaPods installation.\nEOM\n    exit 1\nfi\n";
			showEnvVarsInLog = 0;
		};
		FED578E49C9929AD1CFC65BB /* [CP] Embed Pods Frameworks */ = {
			isa = PBXShellScriptBuildPhase;
			buildActionMask = 2147483647;
			files = (
			);
			inputPaths = (
			);
			name = "[CP] Embed Pods Frameworks";
			outputPaths = (
			);
			runOnlyForDeploymentPostprocessing = 0;
			shellPath = /bin/sh;
			shellScript = "\"${SRCROOT}/Pods/Target Support Files/Pods-urban-waddle/Pods-urban-waddle-frameworks.sh\"\n";
			showEnvVarsInLog = 0;
		};
/* End PBXShellScriptBuildPhase section */

/* Begin PBXSourcesBuildPhase section */
		D06E3D4E1D8FE10C00C1A715 /* Sources */ = {
			isa = PBXSourcesBuildPhase;
			buildActionMask = 2147483647;
			files = (
				D06E3D5D1D8FE10C00C1A715 /* ViewController.m in Sources */,
				D06E3D5A1D8FE10C00C1A715 /* AppDelegate.m in Sources */,
				D06E3D571D8FE10C00C1A715 /* main.m in Sources */,
				D072AFEE1D92668E000ABCEB /* SettingViewController.m in Sources */,
				D072AFF21D927250000ABCEB /* TestViewController.m in Sources */,
			);
			runOnlyForDeploymentPostprocessing = 0;
		};
		D06E3D671D8FE10C00C1A715 /* Sources */ = {
			isa = PBXSourcesBuildPhase;
			buildActionMask = 2147483647;
			files = (
				D06E3D701D8FE10C00C1A715 /* urban_waddleTests.m in Sources */,
			);
			runOnlyForDeploymentPostprocessing = 0;
		};
		D06E3D721D8FE10C00C1A715 /* Sources */ = {
			isa = PBXSourcesBuildPhase;
			buildActionMask = 2147483647;
			files = (
				D06E3D7B1D8FE10C00C1A715 /* urban_waddleUITests.m in Sources */,
			);
			runOnlyForDeploymentPostprocessing = 0;
		};
/* End PBXSourcesBuildPhase section */

/* Begin PBXTargetDependency section */
		D06E3D6D1D8FE10C00C1A715 /* PBXTargetDependency */ = {
			isa = PBXTargetDependency;
			target = D06E3D511D8FE10C00C1A715 /* urban-waddle */;
			targetProxy = D06E3D6C1D8FE10C00C1A715 /* PBXContainerItemProxy */;
		};
		D06E3D781D8FE10C00C1A715 /* PBXTargetDependency */ = {
			isa = PBXTargetDependency;
			target = D06E3D511D8FE10C00C1A715 /* urban-waddle */;
			targetProxy = D06E3D771D8FE10C00C1A715 /* PBXContainerItemProxy */;
		};
/* End PBXTargetDependency section */

/* Begin PBXVariantGroup section */
		D06E3D5E1D8FE10C00C1A715 /* Main.storyboard */ = {
			isa = PBXVariantGroup;
			children = (
				D06E3D5F1D8FE10C00C1A715 /* Base */,
			);
			name = Main.storyboard;
			sourceTree = "<group>";
		};
		D06E3D631D8FE10C00C1A715 /* LaunchScreen.storyboard */ = {
			isa = PBXVariantGroup;
			children = (
				D06E3D641D8FE10C00C1A715 /* Base */,
			);
			name = LaunchScreen.storyboard;
			sourceTree = "<group>";
		};
/* End PBXVariantGroup section */

/* Begin XCBuildConfiguration section */
		D06E3D7D1D8FE10C00C1A715 /* Debug */ = {
			isa = XCBuildConfiguration;
			buildSettings = {
				ALWAYS_SEARCH_USER_PATHS = NO;
				CLANG_ANALYZER_NONNULL = YES;
				CLANG_CXX_LANGUAGE_STANDARD = "gnu++0x";
				CLANG_CXX_LIBRARY = "libc++";
				CLANG_ENABLE_MODULES = YES;
				CLANG_ENABLE_OBJC_ARC = YES;
				CLANG_WARN_BOOL_CONVERSION = YES;
				CLANG_WARN_CONSTANT_CONVERSION = YES;
				CLANG_WARN_DIRECT_OBJC_ISA_USAGE = YES_ERROR;
				CLANG_WARN_DOCUMENTATION_COMMENTS = YES;
				CLANG_WARN_EMPTY_BODY = YES;
				CLANG_WARN_ENUM_CONVERSION = YES;
				CLANG_WARN_INFINITE_RECURSION = YES;
				CLANG_WARN_INT_CONVERSION = YES;
				CLANG_WARN_OBJC_ROOT_CLASS = YES_ERROR;
				CLANG_WARN_SUSPICIOUS_MOVE = YES;
				CLANG_WARN_SUSPICIOUS_MOVES = YES;
				CLANG_WARN_UNREACHABLE_CODE = YES;
				CLANG_WARN__DUPLICATE_METHOD_MATCH = YES;
				"CODE_SIGN_IDENTITY[sdk=iphoneos*]" = "iPhone Developer";
				COPY_PHASE_STRIP = NO;
				DEBUG_INFORMATION_FORMAT = dwarf;
				ENABLE_STRICT_OBJC_MSGSEND = YES;
				ENABLE_TESTABILITY = YES;
				GCC_C_LANGUAGE_STANDARD = gnu99;
				GCC_DYNAMIC_NO_PIC = NO;
				GCC_NO_COMMON_BLOCKS = YES;
				GCC_OPTIMIZATION_LEVEL = 0;
				GCC_PREPROCESSOR_DEFINITIONS = (
					"DEBUG=1",
					"$(inherited)",
				);
				GCC_WARN_64_TO_32_BIT_CONVERSION = YES;
				GCC_WARN_ABOUT_RETURN_TYPE = YES_ERROR;
				GCC_WARN_UNDECLARED_SELECTOR = YES;
				GCC_WARN_UNINITIALIZED_AUTOS = YES_AGGRESSIVE;
				GCC_WARN_UNUSED_FUNCTION = YES;
				GCC_WARN_UNUSED_VARIABLE = YES;
				IPHONEOS_DEPLOYMENT_TARGET = 10.0;
				MTL_ENABLE_DEBUG_INFO = YES;
				ONLY_ACTIVE_ARCH = YES;
				SDKROOT = iphoneos;
				TARGETED_DEVICE_FAMILY = "1,2";
			};
			name = Debug;
		};
		D06E3D7E1D8FE10C00C1A715 /* Release */ = {
			isa = XCBuildConfiguration;
			buildSettings = {
				ALWAYS_SEARCH_USER_PATHS = NO;
				CLANG_ANALYZER_NONNULL = YES;
				CLANG_CXX_LANGUAGE_STANDARD = "gnu++0x";
				CLANG_CXX_LIBRARY = "libc++";
				CLANG_ENABLE_MODULES = YES;
				CLANG_ENABLE_OBJC_ARC = YES;
				CLANG_WARN_BOOL_CONVERSION = YES;
				CLANG_WARN_CONSTANT_CONVERSION = YES;
				CLANG_WARN_DIRECT_OBJC_ISA_USAGE = YES_ERROR;
				CLANG_WARN_DOCUMENTATION_COMMENTS = YES;
				CLANG_WARN_EMPTY_BODY = YES;
				CLANG_WARN_ENUM_CONVERSION = YES;
				CLANG_WARN_INFINITE_RECURSION = YES;
				CLANG_WARN_INT_CONVERSION = YES;
				CLANG_WARN_OBJC_ROOT_CLASS = YES_ERROR;
				CLANG_WARN_SUSPICIOUS_MOVE = YES;
				CLANG_WARN_SUSPICIOUS_MOVES = YES;
				CLANG_WARN_UNREACHABLE_CODE = YES;
				CLANG_WARN__DUPLICATE_METHOD_MATCH = YES;
				"CODE_SIGN_IDENTITY[sdk=iphoneos*]" = "iPhone Developer";
				COPY_PHASE_STRIP = NO;
				DEBUG_INFORMATION_FORMAT = "dwarf-with-dsym";
				ENABLE_NS_ASSERTIONS = NO;
				ENABLE_STRICT_OBJC_MSGSEND = YES;
				GCC_C_LANGUAGE_STANDARD = gnu99;
				GCC_NO_COMMON_BLOCKS = YES;
				GCC_WARN_64_TO_32_BIT_CONVERSION = YES;
				GCC_WARN_ABOUT_RETURN_TYPE = YES_ERROR;
				GCC_WARN_UNDECLARED_SELECTOR = YES;
				GCC_WARN_UNINITIALIZED_AUTOS = YES_AGGRESSIVE;
				GCC_WARN_UNUSED_FUNCTION = YES;
				GCC_WARN_UNUSED_VARIABLE = YES;
				IPHONEOS_DEPLOYMENT_TARGET = 10.0;
				MTL_ENABLE_DEBUG_INFO = NO;
				SDKROOT = iphoneos;
				TARGETED_DEVICE_FAMILY = "1,2";
				VALIDATE_PRODUCT = YES;
			};
			name = Release;
		};
		D06E3D801D8FE10C00C1A715 /* Debug */ = {
			isa = XCBuildConfiguration;
			baseConfigurationReference = B2487EF2A6334E2997219957 /* Pods-urban-waddle.debug.xcconfig */;
			buildSettings = {
				ASSETCATALOG_COMPILER_APPICON_NAME = AppIcon;
				INFOPLIST_FILE = "urban-waddle/Info.plist";
				LD_RUNPATH_SEARCH_PATHS = "$(inherited) @executable_path/Frameworks";
				PRODUCT_BUNDLE_IDENTIFIER = "com.urbanwaddle.urban-waddle";
				PRODUCT_NAME = "$(TARGET_NAME)";
				USER_HEADER_SEARCH_PATHS = "$(PODS_ROOT)/**";
			};
			name = Debug;
		};
		D06E3D811D8FE10C00C1A715 /* Release */ = {
			isa = XCBuildConfiguration;
			baseConfigurationReference = AAF2B0817736DAF877825B01 /* Pods-urban-waddle.release.xcconfig */;
			buildSettings = {
				ASSETCATALOG_COMPILER_APPICON_NAME = AppIcon;
				INFOPLIST_FILE = "urban-waddle/Info.plist";
				LD_RUNPATH_SEARCH_PATHS = "$(inherited) @executable_path/Frameworks";
				PRODUCT_BUNDLE_IDENTIFIER = "com.urbanwaddle.urban-waddle";
				PRODUCT_NAME = "$(TARGET_NAME)";
				USER_HEADER_SEARCH_PATHS = "$(PODS_ROOT)/**";
			};
			name = Release;
		};
		D06E3D831D8FE10C00C1A715 /* Debug */ = {
			isa = XCBuildConfiguration;
			baseConfigurationReference = 1EDB58D62ECFF67B1DBF8691 /* Pods-urban-waddleTests.debug.xcconfig */;
			buildSettings = {
				BUNDLE_LOADER = "$(TEST_HOST)";
				INFOPLIST_FILE = "urban-waddleTests/Info.plist";
				LD_RUNPATH_SEARCH_PATHS = "$(inherited) @executable_path/Frameworks @loader_path/Frameworks";
				PRODUCT_BUNDLE_IDENTIFIER = "com.urbanwaddle.urban-waddleTests";
				PRODUCT_NAME = "$(TARGET_NAME)";
				TEST_HOST = "$(BUILT_PRODUCTS_DIR)/urban-waddle.app/urban-waddle";
			};
			name = Debug;
		};
		D06E3D841D8FE10C00C1A715 /* Release */ = {
			isa = XCBuildConfiguration;
			baseConfigurationReference = 23E2DD323A21DF5ED74A1886 /* Pods-urban-waddleTests.release.xcconfig */;
			buildSettings = {
				BUNDLE_LOADER = "$(TEST_HOST)";
				INFOPLIST_FILE = "urban-waddleTests/Info.plist";
				LD_RUNPATH_SEARCH_PATHS = "$(inherited) @executable_path/Frameworks @loader_path/Frameworks";
				PRODUCT_BUNDLE_IDENTIFIER = "com.urbanwaddle.urban-waddleTests";
				PRODUCT_NAME = "$(TARGET_NAME)";
				TEST_HOST = "$(BUILT_PRODUCTS_DIR)/urban-waddle.app/urban-waddle";
			};
			name = Release;
		};
		D06E3D861D8FE10C00C1A715 /* Debug */ = {
			isa = XCBuildConfiguration;
			baseConfigurationReference = 1DA2CCBDC24F3DE0E5DE79F1 /* Pods-urban-waddleUITests.debug.xcconfig */;
			buildSettings = {
				INFOPLIST_FILE = "urban-waddleUITests/Info.plist";
				LD_RUNPATH_SEARCH_PATHS = "$(inherited) @executable_path/Frameworks @loader_path/Frameworks";
				PRODUCT_BUNDLE_IDENTIFIER = "com.urbanwaddle.urban-waddleUITests";
				PRODUCT_NAME = "$(TARGET_NAME)";
				TEST_TARGET_NAME = "urban-waddle";
			};
			name = Debug;
		};
		D06E3D871D8FE10C00C1A715 /* Release */ = {
			isa = XCBuildConfiguration;
			baseConfigurationReference = A49E8F81A132BD8F9D9EA410 /* Pods-urban-waddleUITests.release.xcconfig */;
			buildSettings = {
				INFOPLIST_FILE = "urban-waddleUITests/Info.plist";
				LD_RUNPATH_SEARCH_PATHS = "$(inherited) @executable_path/Frameworks @loader_path/Frameworks";
				PRODUCT_BUNDLE_IDENTIFIER = "com.urbanwaddle.urban-waddleUITests";
				PRODUCT_NAME = "$(TARGET_NAME)";
				TEST_TARGET_NAME = "urban-waddle";
			};
			name = Release;
		};
/* End XCBuildConfiguration section */

/* Begin XCConfigurationList section */
		D06E3D4D1D8FE10C00C1A715 /* Build configuration list for PBXProject "urban-waddle" */ = {
			isa = XCConfigurationList;
			buildConfigurations = (
				D06E3D7D1D8FE10C00C1A715 /* Debug */,
				D06E3D7E1D8FE10C00C1A715 /* Release */,
			);
			defaultConfigurationIsVisible = 0;
			defaultConfigurationName = Release;
		};
		D06E3D7F1D8FE10C00C1A715 /* Build configuration list for PBXNativeTarget "urban-waddle" */ = {
			isa = XCConfigurationList;
			buildConfigurations = (
				D06E3D801D8FE10C00C1A715 /* Debug */,
				D06E3D811D8FE10C00C1A715 /* Release */,
			);
			defaultConfigurationIsVisible = 0;
			defaultConfigurationName = Release;
		};
		D06E3D821D8FE10C00C1A715 /* Build configuration list for PBXNativeTarget "urban-waddleTests" */ = {
			isa = XCConfigurationList;
			buildConfigurations = (
				D06E3D831D8FE10C00C1A715 /* Debug */,
				D06E3D841D8FE10C00C1A715 /* Release */,
			);
			defaultConfigurationIsVisible = 0;
			defaultConfigurationName = Release;
		};
		D06E3D851D8FE10C00C1A715 /* Build configuration list for PBXNativeTarget "urban-waddleUITests" */ = {
			isa = XCConfigurationList;
			buildConfigurations = (
				D06E3D861D8FE10C00C1A715 /* Debug */,
				D06E3D871D8FE10C00C1A715 /* Release */,
			);
			defaultConfigurationIsVisible = 0;
			defaultConfigurationName = Release;
		};
/* End XCConfigurationList section */
	};
	rootObject = D06E3D4A1D8FE10C00C1A715 /* Project object */;
}
